
Microsoft Visual Studio Solution File, Format Version 12.00
# Visual Studio Version 17
VisualStudioVersion = 17.12.35514.174
MinimumVisualStudioVersion = 10.0.40219.1
Project("{2150E333-8FDC-42A3-9474-1A3956D46DE8}") = "src", "src", "{689C095D-9D14-4C09-8D85-2B4948C4D6DD}"
EndProject
Project("{2150E333-8FDC-42A3-9474-1A3956D46DE8}") = "test", "test", "{B53A0F77-ACF5-4B01-B0E3-AC42E9E5E3AD}"
EndProject
Project("{FAE04EC0-301F-11D3-BF4B-00C04F79EFBC}") = "Domain", "src\Domain\Domain.csproj", "{1A7AF34A-3931-4091-ADE8-86D15B880963}"
EndProject
Project("{FAE04EC0-301F-11D3-BF4B-00C04F79EFBC}") = "Application", "src\Application\Application.csproj", "{5EED56F7-23E3-4FAE-B20D-F290F76C28EC}"
EndProject
Project("{FAE04EC0-301F-11D3-BF4B-00C04F79EFBC}") = "Infrastructure", "src\Infrastructure\Infrastructure\Infrastructure.csproj", "{311A8B55-90AC-4F1F-8DAA-DDE436001EA8}"
EndProject
Project("{FAE04EC0-301F-11D3-BF4B-00C04F79EFBC}") = "Api", "src\Api\Api\Api.csproj", "{3FAE791B-21DB-4DBA-96C4-BF2821DEC1AD}"
EndProject
Project("{FAE04EC0-301F-11D3-BF4B-00C04F79EFBC}") = "Domain.UnitTests", "test\Domain.UnitTests\Domain.UnitTests.csproj", "{FF45D72A-7356-48F3-BC60-E48F823CAD32}"
EndProject
Global
	GlobalSection(SolutionConfigurationPlatforms) = preSolution
		Debug|Any CPU = Debug|Any CPU
		Release|Any CPU = Release|Any CPU
	EndGlobalSection
	GlobalSection(ProjectConfigurationPlatforms) = postSolution
		{1A7AF34A-3931-4091-ADE8-86D15B880963}.Debug|Any CPU.ActiveCfg = Debug|Any CPU
		{1A7AF34A-3931-4091-ADE8-86D15B880963}.Debug|Any CPU.Build.0 = Debug|Any CPU
		{1A7AF34A-3931-4091-ADE8-86D15B880963}.Release|Any CPU.ActiveCfg = Release|Any CPU
		{1A7AF34A-3931-4091-ADE8-86D15B880963}.Release|Any CPU.Build.0 = Release|Any CPU
		{5EED56F7-23E3-4FAE-B20D-F290F76C28EC}.Debug|Any CPU.ActiveCfg = Debug|Any CPU
		{5EED56F7-23E3-4FAE-B20D-F290F76C28EC}.Debug|Any CPU.Build.0 = Debug|Any CPU
		{5EED56F7-23E3-4FAE-B20D-F290F76C28EC}.Release|Any CPU.ActiveCfg = Release|Any CPU
		{5EED56F7-23E3-4FAE-B20D-F290F76C28EC}.Release|Any CPU.Build.0 = Release|Any CPU
		{311A8B55-90AC-4F1F-8DAA-DDE436001EA8}.Debug|Any CPU.ActiveCfg = Debug|Any CPU
		{311A8B55-90AC-4F1F-8DAA-DDE436001EA8}.Debug|Any CPU.Build.0 = Debug|Any CPU
		{311A8B55-90AC-4F1F-8DAA-DDE436001EA8}.Release|Any CPU.ActiveCfg = Release|Any CPU
		{311A8B55-90AC-4F1F-8DAA-DDE436001EA8}.Release|Any CPU.Build.0 = Release|Any CPU
		{3FAE791B-21DB-4DBA-96C4-BF2821DEC1AD}.Debug|Any CPU.ActiveCfg = Debug|Any CPU
		{3FAE791B-21DB-4DBA-96C4-BF2821DEC1AD}.Debug|Any CPU.Build.0 = Debug|Any CPU
		{3FAE791B-21DB-4DBA-96C4-BF2821DEC1AD}.Release|Any CPU.ActiveCfg = Release|Any CPU
		{3FAE791B-21DB-4DBA-96C4-BF2821DEC1AD}.Release|Any CPU.Build.0 = Release|Any CPU
		{FF45D72A-7356-48F3-BC60-E48F823CAD32}.Debug|Any CPU.ActiveCfg = Debug|Any CPU
		{FF45D72A-7356-48F3-BC60-E48F823CAD32}.Debug|Any CPU.Build.0 = Debug|Any CPU
		{FF45D72A-7356-48F3-BC60-E48F823CAD32}.Release|Any CPU.ActiveCfg = Release|Any CPU
		{FF45D72A-7356-48F3-BC60-E48F823CAD32}.Release|Any CPU.Build.0 = Release|Any CPU
	EndGlobalSection
	GlobalSection(SolutionProperties) = preSolution
		HideSolutionNode = FALSE
	EndGlobalSection
	GlobalSection(NestedProjects) = preSolution
		{1A7AF34A-3931-4091-ADE8-86D15B880963} = {689C095D-9D14-4C09-8D85-2B4948C4D6DD}
		{5EED56F7-23E3-4FAE-B20D-F290F76C28EC} = {689C095D-9D14-4C09-8D85-2B4948C4D6DD}
		{311A8B55-90AC-4F1F-8DAA-DDE436001EA8} = {689C095D-9D14-4C09-8D85-2B4948C4D6DD}
		{3FAE791B-21DB-4DBA-96C4-BF2821DEC1AD} = {689C095D-9D14-4C09-8D85-2B4948C4D6DD}
		{FF45D72A-7356-48F3-BC60-E48F823CAD32} = {B53A0F77-ACF5-4B01-B0E3-AC42E9E5E3AD}
	EndGlobalSection
EndGlobal
